// !$*UTF8*$!
{
	archiveVersion = 1;
	classes = {
	};
	objectVersion = 55;
	objects = {

/* Begin PBXBuildFile section */
		3076C76227BA781500C19E44 /* AppDelegate.swift in Sources */ = {isa = PBXBuildFile; fileRef = 3076C76127BA781500C19E44 /* AppDelegate.swift */; };
		3076C76427BA781500C19E44 /* SceneDelegate.swift in Sources */ = {isa = PBXBuildFile; fileRef = 3076C76327BA781500C19E44 /* SceneDelegate.swift */; };
		3076C76627BA781500C19E44 /* ViewController.swift in Sources */ = {isa = PBXBuildFile; fileRef = 3076C76527BA781500C19E44 /* ViewController.swift */; };
		3076C76B27BA781600C19E44 /* Assets.xcassets in Resources */ = {isa = PBXBuildFile; fileRef = 3076C76A27BA781600C19E44 /* Assets.xcassets */; };
		3076C76E27BA781600C19E44 /* LaunchScreen.storyboard in Resources */ = {isa = PBXBuildFile; fileRef = 3076C76C27BA781600C19E44 /* LaunchScreen.storyboard */; };
		3076C77927BA781600C19E44 /* TVAppTests.swift in Sources */ = {isa = PBXBuildFile; fileRef = 3076C77827BA781600C19E44 /* TVAppTests.swift */; };
/* End PBXBuildFile section */

/* Begin PBXContainerItemProxy section */
		3076C77527BA781600C19E44 /* PBXContainerItemProxy */ = {
			isa = PBXContainerItemProxy;
			containerPortal = 3076C75627BA781500C19E44 /* Project object */;
			proxyType = 1;
			remoteGlobalIDString = 3076C75D27BA781500C19E44;
			remoteInfo = TVApp;
		};
		3076C77F27BA781600C19E44 /* PBXContainerItemProxy */ = {
			isa = PBXContainerItemProxy;
			containerPortal = 3076C75627BA781500C19E44 /* Project object */;
			proxyType = 1;
			remoteGlobalIDString = 3076C75D27BA781500C19E44;
			remoteInfo = TVApp;
		};
/* End PBXContainerItemProxy section */

/* Begin PBXFileReference section */
		3076C75E27BA781500C19E44 /* TVApp.app */ = {isa = PBXFileReference; explicitFileType = wrapper.application; includeInIndex = 0; path = TVApp.app; sourceTree = BUILT_PRODUCTS_DIR; };
		3076C76127BA781500C19E44 /* AppDelegate.swift */ = {isa = PBXFileReference; lastKnownFileType = sourcecode.swift; path = AppDelegate.swift; sourceTree = "<group>"; };
		3076C76327BA781500C19E44 /* SceneDelegate.swift */ = {isa = PBXFileReference; lastKnownFileType = sourcecode.swift; path = SceneDelegate.swift; sourceTree = "<group>"; };
		3076C76527BA781500C19E44 /* ViewController.swift */ = {isa = PBXFileReference; lastKnownFileType = sourcecode.swift; path = ViewController.swift; sourceTree = "<group>"; };
		3076C76A27BA781600C19E44 /* Assets.xcassets */ = {isa = PBXFileReference; lastKnownFileType = folder.assetcatalog; path = Assets.xcassets; sourceTree = "<group>"; };
		3076C76D27BA781600C19E44 /* Base */ = {isa = PBXFileReference; lastKnownFileType = file.storyboard; name = Base; path = Base.lproj/LaunchScreen.storyboard; sourceTree = "<group>"; };
		3076C76F27BA781600C19E44 /* Info.plist */ = {isa = PBXFileReference; lastKnownFileType = text.plist.xml; path = Info.plist; sourceTree = "<group>"; };
		3076C77427BA781600C19E44 /* TVAppTests.xctest */ = {isa = PBXFileReference; explicitFileType = wrapper.cfbundle; includeInIndex = 0; path = TVAppTests.xctest; sourceTree = BUILT_PRODUCTS_DIR; };
		3076C77827BA781600C19E44 /* TVAppTests.swift */ = {isa = PBXFileReference; lastKnownFileType = sourcecode.swift; path = TVAppTests.swift; sourceTree = "<group>"; };
		3076C77E27BA781600C19E44 /* TVAppUITests.xctest */ = {isa = PBXFileReference; explicitFileType = wrapper.cfbundle; includeInIndex = 0; path = TVAppUITests.xctest; sourceTree = BUILT_PRODUCTS_DIR; };
/* End PBXFileReference section */

/* Begin PBXFrameworksBuildPhase section */
		3076C75B27BA781500C19E44 /* Frameworks */ = {
			isa = PBXFrameworksBuildPhase;
			buildActionMask = 2147483647;
			files = (
			);
			runOnlyForDeploymentPostprocessing = 0;
		};
		3076C77127BA781600C19E44 /* Frameworks */ = {
			isa = PBXFrameworksBuildPhase;
			buildActionMask = 2147483647;
			files = (
			);
			runOnlyForDeploymentPostprocessing = 0;
		};
		3076C77B27BA781600C19E44 /* Frameworks */ = {
			isa = PBXFrameworksBuildPhase;
			buildActionMask = 2147483647;
			files = (
			);
			runOnlyForDeploymentPostprocessing = 0;
		};
/* End PBXFrameworksBuildPhase section */

/* Begin PBXGroup section */
		3076C75527BA781500C19E44 = {
			isa = PBXGroup;
			children = (
				3076C76027BA781500C19E44 /* TVApp */,
				3076C77727BA781600C19E44 /* TVAppTests */,
				3076C75F27BA781500C19E44 /* Products */,
			);
			sourceTree = "<group>";
		};
		3076C75F27BA781500C19E44 /* Products */ = {
			isa = PBXGroup;
			children = (
				3076C75E27BA781500C19E44 /* TVApp.app */,
				3076C77427BA781600C19E44 /* TVAppTests.xctest */,
				3076C77E27BA781600C19E44 /* TVAppUITests.xctest */,
			);
			name = Products;
			sourceTree = "<group>";
		};
		3076C76027BA781500C19E44 /* TVApp */ = {
			isa = PBXGroup;
			children = (
				3076C76127BA781500C19E44 /* AppDelegate.swift */,
				3076C76327BA781500C19E44 /* SceneDelegate.swift */,
				3076C76527BA781500C19E44 /* ViewController.swift */,
				3076C76A27BA781600C19E44 /* Assets.xcassets */,
				3076C76C27BA781600C19E44 /* LaunchScreen.storyboard */,
				3076C76F27BA781600C19E44 /* Info.plist */,
			);
			path = TVApp;
			sourceTree = "<group>";
		};
		3076C77727BA781600C19E44 /* TVAppTests */ = {
			isa = PBXGroup;
			children = (
				3076C77827BA781600C19E44 /* TVAppTests.swift */,
			);
			path = TVAppTests;
			sourceTree = "<group>";
		};
/* End PBXGroup section */

/* Begin PBXNativeTarget section */
		3076C75D27BA781500C19E44 /* TVApp */ = {
			isa = PBXNativeTarget;
			buildConfigurationList = 3076C78827BA781600C19E44 /* Build configuration list for PBXNativeTarget "TVApp" */;
			buildPhases = (
				3076C75A27BA781500C19E44 /* Sources */,
				3076C75B27BA781500C19E44 /* Frameworks */,
				3076C75C27BA781500C19E44 /* Resources */,
				303B8D0527BB1C980096DE8E /* SwiftLint */,
			);
			buildRules = (
			);
			dependencies = (
			);
			name = TVApp;
			productName = TVApp;
			productReference = 3076C75E27BA781500C19E44 /* TVApp.app */;
			productType = "com.apple.product-type.application";
		};
		3076C77327BA781600C19E44 /* TVAppTests */ = {
			isa = PBXNativeTarget;
			buildConfigurationList = 3076C78B27BA781600C19E44 /* Build configuration list for PBXNativeTarget "TVAppTests" */;
			buildPhases = (
				3076C77027BA781600C19E44 /* Sources */,
				3076C77127BA781600C19E44 /* Frameworks */,
				3076C77227BA781600C19E44 /* Resources */,
			);
			buildRules = (
			);
			dependencies = (
				3076C77627BA781600C19E44 /* PBXTargetDependency */,
			);
			name = TVAppTests;
			productName = TVAppTests;
			productReference = 3076C77427BA781600C19E44 /* TVAppTests.xctest */;
			productType = "com.apple.product-type.bundle.unit-test";
		};
		3076C77D27BA781600C19E44 /* TVAppUITests */ = {
			isa = PBXNativeTarget;
			buildConfigurationList = 3076C78E27BA781600C19E44 /* Build configuration list for PBXNativeTarget "TVAppUITests" */;
			buildPhases = (
				3076C77A27BA781600C19E44 /* Sources */,
				3076C77B27BA781600C19E44 /* Frameworks */,
				3076C77C27BA781600C19E44 /* Resources */,
			);
			buildRules = (
			);
			dependencies = (
				3076C78027BA781600C19E44 /* PBXTargetDependency */,
			);
			name = TVAppUITests;
			productName = TVAppUITests;
			productReference = 3076C77E27BA781600C19E44 /* TVAppUITests.xctest */;
			productType = "com.apple.product-type.bundle.ui-testing";
		};
/* End PBXNativeTarget section */

/* Begin PBXProject section */
		3076C75627BA781500C19E44 /* Project object */ = {
			isa = PBXProject;
			attributes = {
				BuildIndependentTargetsInParallel = 1;
				LastSwiftUpdateCheck = 1320;
				LastUpgradeCheck = 1320;
				TargetAttributes = {
					3076C75D27BA781500C19E44 = {
						CreatedOnToolsVersion = 13.2.1;
					};
					3076C77327BA781600C19E44 = {
						CreatedOnToolsVersion = 13.2.1;
						TestTargetID = 3076C75D27BA781500C19E44;
					};
					3076C77D27BA781600C19E44 = {
						CreatedOnToolsVersion = 13.2.1;
						TestTargetID = 3076C75D27BA781500C19E44;
					};
				};
			};
			buildConfigurationList = 3076C75927BA781500C19E44 /* Build configuration list for PBXProject "TVApp" */;
			compatibilityVersion = "Xcode 13.0";
			developmentRegion = en;
			hasScannedForEncodings = 0;
			knownRegions = (
				en,
				Base,
			);
			mainGroup = 3076C75527BA781500C19E44;
			productRefGroup = 3076C75F27BA781500C19E44 /* Products */;
			projectDirPath = "";
			projectRoot = "";
			targets = (
				3076C75D27BA781500C19E44 /* TVApp */,
				3076C77327BA781600C19E44 /* TVAppTests */,
				3076C77D27BA781600C19E44 /* TVAppUITests */,
			);
		};
/* End PBXProject section */

/* Begin PBXResourcesBuildPhase section */
		3076C75C27BA781500C19E44 /* Resources */ = {
			isa = PBXResourcesBuildPhase;
			buildActionMask = 2147483647;
			files = (
				3076C76E27BA781600C19E44 /* LaunchScreen.storyboard in Resources */,
				3076C76B27BA781600C19E44 /* Assets.xcassets in Resources */,
			);
			runOnlyForDeploymentPostprocessing = 0;
		};
		3076C77227BA781600C19E44 /* Resources */ = {
			isa = PBXResourcesBuildPhase;
			buildActionMask = 2147483647;
			files = (
			);
			runOnlyForDeploymentPostprocessing = 0;
		};
		3076C77C27BA781600C19E44 /* Resources */ = {
			isa = PBXResourcesBuildPhase;
			buildActionMask = 2147483647;
			files = (
			);
			runOnlyForDeploymentPostprocessing = 0;
		};
/* End PBXResourcesBuildPhase section */

/* Begin PBXShellScriptBuildPhase section */
		303B8D0527BB1C980096DE8E /* SwiftLint */ = {
			isa = PBXShellScriptBuildPhase;
			buildActionMask = 2147483647;
			files = (
			);
			inputFileListPaths = (
			);
			inputPaths = (
			);
			name = SwiftLint;
			outputFileListPaths = (
			);
			outputPaths = (
			);
			runOnlyForDeploymentPostprocessing = 0;
			shellPath = /bin/sh;
			shellScript = "export PATH=\"$PATH:/opt/homebrew/bin\"\n\nif which swiftlint >/dev/null; then\n  swiftlint\nelse\n  echo \"warning: SwiftLint not installed, download from https://github.com/realm/SwiftLint\"\nfi\n";
		};
/* End PBXShellScriptBuildPhase section */

/* Begin PBXSourcesBuildPhase section */
		3076C75A27BA781500C19E44 /* Sources */ = {
			isa = PBXSourcesBuildPhase;
			buildActionMask = 2147483647;
			files = (
				3076C76627BA781500C19E44 /* ViewController.swift in Sources */,
				3076C76227BA781500C19E44 /* AppDelegate.swift in Sources */,
				3076C76427BA781500C19E44 /* SceneDelegate.swift in Sources */,
			);
			runOnlyForDeploymentPostprocessing = 0;
		};
		3076C77027BA781600C19E44 /* Sources */ = {
			isa = PBXSourcesBuildPhase;
			buildActionMask = 2147483647;
			files = (
				3076C77927BA781600C19E44 /* TVAppTests.swift in Sources */,
			);
			runOnlyForDeploymentPostprocessing = 0;
		};
		3076C77A27BA781600C19E44 /* Sources */ = {
			isa = PBXSourcesBuildPhase;
			buildActionMask = 2147483647;
			files = (
			);
			runOnlyForDeploymentPostprocessing = 0;
		};
/* End PBXSourcesBuildPhase section */

/* Begin PBXTargetDependency section */
		3076C77627BA781600C19E44 /* PBXTargetDependency */ = {
			isa = PBXTargetDependency;
			target = 3076C75D27BA781500C19E44 /* TVApp */;
			targetProxy = 3076C77527BA781600C19E44 /* PBXContainerItemProxy */;
		};
		3076C78027BA781600C19E44 /* PBXTargetDependency */ = {
			isa = PBXTargetDependency;
			target = 3076C75D27BA781500C19E44 /* TVApp */;
			targetProxy = 3076C77F27BA781600C19E44 /* PBXContainerItemProxy */;
		};
/* End PBXTargetDependency section */

/* Begin PBXVariantGroup section */
		3076C76C27BA781600C19E44 /* LaunchScreen.storyboard */ = {
			isa = PBXVariantGroup;
			children = (
				3076C76D27BA781600C19E44 /* Base */,
			);
			name = LaunchScreen.storyboard;
			sourceTree = "<group>";
		};
/* End PBXVariantGroup section */

/* Begin XCBuildConfiguration section */
		3076C78627BA781600C19E44 /* Debug */ = {
			isa = XCBuildConfiguration;
			buildSettings = {
				ALWAYS_SEARCH_USER_PATHS = NO;
				CLANG_ANALYZER_NONNULL = YES;
				CLANG_ANALYZER_NUMBER_OBJECT_CONVERSION = YES_AGGRESSIVE;
				CLANG_CXX_LANGUAGE_STANDARD = "gnu++17";
				CLANG_CXX_LIBRARY = "libc++";
				CLANG_ENABLE_MODULES = YES;
				CLANG_ENABLE_OBJC_ARC = YES;
				CLANG_ENABLE_OBJC_WEAK = YES;
				CLANG_WARN_BLOCK_CAPTURE_AUTORELEASING = YES;
				CLANG_WARN_BOOL_CONVERSION = YES;
				CLANG_WARN_COMMA = YES;
				CLANG_WARN_CONSTANT_CONVERSION = YES;
				CLANG_WARN_DEPRECATED_OBJC_IMPLEMENTATIONS = YES;
				CLANG_WARN_DIRECT_OBJC_ISA_USAGE = YES_ERROR;
				CLANG_WARN_DOCUMENTATION_COMMENTS = YES;
				CLANG_WARN_EMPTY_BODY = YES;
				CLANG_WARN_ENUM_CONVERSION = YES;
				CLANG_WARN_INFINITE_RECURSION = YES;
				CLANG_WARN_INT_CONVERSION = YES;
				CLANG_WARN_NON_LITERAL_NULL_CONVERSION = YES;
				CLANG_WARN_OBJC_IMPLICIT_RETAIN_SELF = YES;
				CLANG_WARN_OBJC_LITERAL_CONVERSION = YES;
				CLANG_WARN_OBJC_ROOT_CLASS = YES_ERROR;
				CLANG_WARN_QUOTED_INCLUDE_IN_FRAMEWORK_HEADER = YES;
				CLANG_WARN_RANGE_LOOP_ANALYSIS = YES;
				CLANG_WARN_STRICT_PROTOTYPES = YES;
				CLANG_WARN_SUSPICIOUS_MOVE = YES;
				CLANG_WARN_UNGUARDED_AVAILABILITY = YES_AGGRESSIVE;
				CLANG_WARN_UNREACHABLE_CODE = YES;
				CLANG_WARN__DUPLICATE_METHOD_MATCH = YES;
				COPY_PHASE_STRIP = NO;
				DEBUG_INFORMATION_FORMAT = dwarf;
				ENABLE_STRICT_OBJC_MSGSEND = YES;
				ENABLE_TESTABILITY = YES;
				GCC_C_LANGUAGE_STANDARD = gnu11;
				GCC_DYNAMIC_NO_PIC = NO;
				GCC_NO_COMMON_BLOCKS = YES;
				GCC_OPTIMIZATION_LEVEL = 0;
				GCC_PREPROCESSOR_DEFINITIONS = (
					"DEBUG=1",
					"$(inherited)",
				);
				GCC_WARN_64_TO_32_BIT_CONVERSION = YES;
				GCC_WARN_ABOUT_RETURN_TYPE = YES_ERROR;
				GCC_WARN_UNDECLARED_SELECTOR = YES;
				GCC_WARN_UNINITIALIZED_AUTOS = YES_AGGRESSIVE;
				GCC_WARN_UNUSED_FUNCTION = YES;
				GCC_WARN_UNUSED_VARIABLE = YES;
				IPHONEOS_DEPLOYMENT_TARGET = 15.2;
				MTL_ENABLE_DEBUG_INFO = INCLUDE_SOURCE;
				MTL_FAST_MATH = YES;
				ONLY_ACTIVE_ARCH = YES;
				SDKROOT = iphoneos;
				SWIFT_ACTIVE_COMPILATION_CONDITIONS = DEBUG;
				SWIFT_OPTIMIZATION_LEVEL = "-Onone";
			};
			name = Debug;
		};
		3076C78727BA781600C19E44 /* Release */ = {
			isa = XCBuildConfiguration;
			buildSettings = {
				ALWAYS_SEARCH_USER_PATHS = NO;
				CLANG_ANALYZER_NONNULL = YES;
				CLANG_ANALYZER_NUMBER_OBJECT_CONVERSION = YES_AGGRESSIVE;
				CLANG_CXX_LANGUAGE_STANDARD = "gnu++17";
				CLANG_CXX_LIBRARY = "libc++";
				CLANG_ENABLE_MODULES = YES;
				CLANG_ENABLE_OBJC_ARC = YES;
				CLANG_ENABLE_OBJC_WEAK = YES;
				CLANG_WARN_BLOCK_CAPTURE_AUTORELEASING = YES;
				CLANG_WARN_BOOL_CONVERSION = YES;
				CLANG_WARN_COMMA = YES;
				CLANG_WARN_CONSTANT_CONVERSION = YES;
				CLANG_WARN_DEPRECATED_OBJC_IMPLEMENTATIONS = YES;
				CLANG_WARN_DIRECT_OBJC_ISA_USAGE = YES_ERROR;
				CLANG_WARN_DOCUMENTATION_COMMENTS = YES;
				CLANG_WARN_EMPTY_BODY = YES;
				CLANG_WARN_ENUM_CONVERSION = YES;
				CLANG_WARN_INFINITE_RECURSION = YES;
				CLANG_WARN_INT_CONVERSION = YES;
				CLANG_WARN_NON_LITERAL_NULL_CONVERSION = YES;
				CLANG_WARN_OBJC_IMPLICIT_RETAIN_SELF = YES;
				CLANG_WARN_OBJC_LITERAL_CONVERSION = YES;
				CLANG_WARN_OBJC_ROOT_CLASS = YES_ERROR;
				CLANG_WARN_QUOTED_INCLUDE_IN_FRAMEWORK_HEADER = YES;
				CLANG_WARN_RANGE_LOOP_ANALYSIS = YES;
				CLANG_WARN_STRICT_PROTOTYPES = YES;
				CLANG_WARN_SUSPICIOUS_MOVE = YES;
				CLANG_WARN_UNGUARDED_AVAILABILITY = YES_AGGRESSIVE;
				CLANG_WARN_UNREACHABLE_CODE = YES;
				CLANG_WARN__DUPLICATE_METHOD_MATCH = YES;
				COPY_PHASE_STRIP = NO;
				DEBUG_INFORMATION_FORMAT = "dwarf-with-dsym";
				ENABLE_NS_ASSERTIONS = NO;
				ENABLE_STRICT_OBJC_MSGSEND = YES;
				GCC_C_LANGUAGE_STANDARD = gnu11;
				GCC_NO_COMMON_BLOCKS = YES;
				GCC_WARN_64_TO_32_BIT_CONVERSION = YES;
				GCC_WARN_ABOUT_RETURN_TYPE = YES_ERROR;
				GCC_WARN_UNDECLARED_SELECTOR = YES;
				GCC_WARN_UNINITIALIZED_AUTOS = YES_AGGRESSIVE;
				GCC_WARN_UNUSED_FUNCTION = YES;
				GCC_WARN_UNUSED_VARIABLE = YES;
				IPHONEOS_DEPLOYMENT_TARGET = 15.2;
				MTL_ENABLE_DEBUG_INFO = NO;
				MTL_FAST_MATH = YES;
				SDKROOT = iphoneos;
				SWIFT_COMPILATION_MODE = wholemodule;
				SWIFT_OPTIMIZATION_LEVEL = "-O";
				VALIDATE_PRODUCT = YES;
			};
			name = Release;
		};
		3076C78927BA781600C19E44 /* Debug */ = {
			isa = XCBuildConfiguration;
			buildSettings = {
				ASSETCATALOG_COMPILER_APPICON_NAME = AppIcon;
				ASSETCATALOG_COMPILER_GLOBAL_ACCENT_COLOR_NAME = AccentColor;
				CODE_SIGN_STYLE = Automatic;
				CURRENT_PROJECT_VERSION = 1;
				DEVELOPMENT_TEAM = "";
				GENERATE_INFOPLIST_FILE = YES;
				INFOPLIST_FILE = TVApp/Info.plist;
				INFOPLIST_KEY_UIApplicationSupportsIndirectInputEvents = YES;
				INFOPLIST_KEY_UILaunchStoryboardName = LaunchScreen;
				INFOPLIST_KEY_UISupportedInterfaceOrientations_iPad = "UIInterfaceOrientationPortrait UIInterfaceOrientationPortraitUpsideDown UIInterfaceOrientationLandscapeLeft UIInterfaceOrientationLandscapeRight";
				INFOPLIST_KEY_UISupportedInterfaceOrientations_iPhone = "UIInterfaceOrientationPortrait UIInterfaceOrientationLandscapeLeft UIInterfaceOrientationLandscapeRight";
				IPHONEOS_DEPLOYMENT_TARGET = 14.0;
				LD_RUNPATH_SEARCH_PATHS = (
					"$(inherited)",
					"@executable_path/Frameworks",
				);
				MARKETING_VERSION = 1.0;
				PRODUCT_BUNDLE_IDENTIFIER = challenge.TVApp;
				PRODUCT_NAME = "$(TARGET_NAME)";
				SWIFT_EMIT_LOC_STRINGS = YES;
				SWIFT_VERSION = 5.0;
				TARGETED_DEVICE_FAMILY = "1,2";
			};
			name = Debug;
		};
		3076C78A27BA781600C19E44 /* Release */ = {
			isa = XCBuildConfiguration;
			buildSettings = {
				ASSETCATALOG_COMPILER_APPICON_NAME = AppIcon;
				ASSETCATALOG_COMPILER_GLOBAL_ACCENT_COLOR_NAME = AccentColor;
				CODE_SIGN_STYLE = Automatic;
				CURRENT_PROJECT_VERSION = 1;
				DEVELOPMENT_TEAM = "";
				GENERATE_INFOPLIST_FILE = YES;
				INFOPLIST_FILE = TVApp/Info.plist;
				INFOPLIST_KEY_UIApplicationSupportsIndirectInputEvents = YES;
				INFOPLIST_KEY_UILaunchStoryboardName = LaunchScreen;
				INFOPLIST_KEY_UISupportedInterfaceOrientations_iPad = "UIInterfaceOrientationPortrait UIInterfaceOrientationPortraitUpsideDown UIInterfaceOrientationLandscapeLeft UIInterfaceOrientationLandscapeRight";
				INFOPLIST_KEY_UISupportedInterfaceOrientations_iPhone = "UIInterfaceOrientationPortrait UIInterfaceOrientationLandscapeLeft UIInterfaceOrientationLandscapeRight";
				IPHONEOS_DEPLOYMENT_TARGET = 14.0;
				LD_RUNPATH_SEARCH_PATHS = (
					"$(inherited)",
					"@executable_path/Frameworks",
				);
				MARKETING_VERSION = 1.0;
				PRODUCT_BUNDLE_IDENTIFIER = challenge.TVApp;
				PRODUCT_NAME = "$(TARGET_NAME)";
				SWIFT_EMIT_LOC_STRINGS = YES;
				SWIFT_VERSION = 5.0;
				TARGETED_DEVICE_FAMILY = "1,2";
			};
			name = Release;
		};
		3076C78C27BA781600C19E44 /* Debug */ = {
			isa = XCBuildConfiguration;
			buildSettings = {
				ALWAYS_EMBED_SWIFT_STANDARD_LIBRARIES = YES;
				BUNDLE_LOADER = "$(TEST_HOST)";
				CODE_SIGN_STYLE = Automatic;
				CURRENT_PROJECT_VERSION = 1;
				GENERATE_INFOPLIST_FILE = YES;
				IPHONEOS_DEPLOYMENT_TARGET = 15.2;
				MARKETING_VERSION = 1.0;
				PRODUCT_BUNDLE_IDENTIFIER = challenge.TVAppTests;
				PRODUCT_NAME = "$(TARGET_NAME)";
				SWIFT_EMIT_LOC_STRINGS = NO;
				SWIFT_VERSION = 5.0;
				TARGETED_DEVICE_FAMILY = "1,2";
				TEST_HOST = "$(BUILT_PRODUCTS_DIR)/TVApp.app/TVApp";
			};
			name = Debug;
		};
		3076C78D27BA781600C19E44 /* Release */ = {
			isa = XCBuildConfiguration;
			buildSettings = {
				ALWAYS_EMBED_SWIFT_STANDARD_LIBRARIES = YES;
				BUNDLE_LOADER = "$(TEST_HOST)";
				CODE_SIGN_STYLE = Automatic;
				CURRENT_PROJECT_VERSION = 1;
				GENERATE_INFOPLIST_FILE = YES;
				IPHONEOS_DEPLOYMENT_TARGET = 15.2;
				MARKETING_VERSION = 1.0;
				PRODUCT_BUNDLE_IDENTIFIER = challenge.TVAppTests;
				PRODUCT_NAME = "$(TARGET_NAME)";
				SWIFT_EMIT_LOC_STRINGS = NO;
				SWIFT_VERSION = 5.0;
				TARGETED_DEVICE_FAMILY = "1,2";
				TEST_HOST = "$(BUILT_PRODUCTS_DIR)/TVApp.app/TVApp";
			};
			name = Release;
		};
		3076C78F27BA781600C19E44 /* Debug */ = {
			isa = XCBuildConfiguration;
			buildSettings = {
				ALWAYS_EMBED_SWIFT_STANDARD_LIBRARIES = YES;
				CODE_SIGN_STYLE = Automatic;
				CURRENT_PROJECT_VERSION = 1;
				GENERATE_INFOPLIST_FILE = YES;
				MARKETING_VERSION = 1.0;
				PRODUCT_BUNDLE_IDENTIFIER = challenge.TVAppUITests;
				PRODUCT_NAME = "$(TARGET_NAME)";
				SWIFT_EMIT_LOC_STRINGS = NO;
				SWIFT_VERSION = 5.0;
				TARGETED_DEVICE_FAMILY = "1,2";
				TEST_TARGET_NAME = TVApp;
			};
			name = Debug;
		};
		3076C79027BA781600C19E44 /* Release */ = {
			isa = XCBuildConfiguration;
			buildSettings = {
				ALWAYS_EMBED_SWIFT_STANDARD_LIBRARIES = YES;
				CODE_SIGN_STYLE = Automatic;
				CURRENT_PROJECT_VERSION = 1;
				GENERATE_INFOPLIST_FILE = YES;
				MARKETING_VERSION = 1.0;
				PRODUCT_BUNDLE_IDENTIFIER = challenge.TVAppUITests;
				PRODUCT_NAME = "$(TARGET_NAME)";
				SWIFT_EMIT_LOC_STRINGS = NO;
				SWIFT_VERSION = 5.0;
				TARGETED_DEVICE_FAMILY = "1,2";
				TEST_TARGET_NAME = TVApp;
			};
			name = Release;
		};
/* End XCBuildConfiguration section */

/* Begin XCConfigurationList section */
		3076C75927BA781500C19E44 /* Build configuration list for PBXProject "TVApp" */ = {
			isa = XCConfigurationList;
			buildConfigurations = (
				3076C78627BA781600C19E44 /* Debug */,
				3076C78727BA781600C19E44 /* Release */,
			);
			defaultConfigurationIsVisible = 0;
			defaultConfigurationName = Release;
		};
		3076C78827BA781600C19E44 /* Build configuration list for PBXNativeTarget "TVApp" */ = {
			isa = XCConfigurationList;
			buildConfigurations = (
				3076C78927BA781600C19E44 /* Debug */,
				3076C78A27BA781600C19E44 /* Release */,
			);
			defaultConfigurationIsVisible = 0;
			defaultConfigurationName = Release;
		};
		3076C78B27BA781600C19E44 /* Build configuration list for PBXNativeTarget "TVAppTests" */ = {
			isa = XCConfigurationList;
			buildConfigurations = (
				3076C78C27BA781600C19E44 /* Debug */,
				3076C78D27BA781600C19E44 /* Release */,
			);
			defaultConfigurationIsVisible = 0;
			defaultConfigurationName = Release;
		};
		3076C78E27BA781600C19E44 /* Build configuration list for PBXNativeTarget "TVAppUITests" */ = {
			isa = XCConfigurationList;
			buildConfigurations = (
				3076C78F27BA781600C19E44 /* Debug */,
				3076C79027BA781600C19E44 /* Release */,
			);
			defaultConfigurationIsVisible = 0;
			defaultConfigurationName = Release;
		};
/* End XCConfigurationList section */
	};
	rootObject = 3076C75627BA781500C19E44 /* Project object */;
}
