// !$*UTF8*$!
{
	archiveVersion = 1;
	classes = {
	};
	objectVersion = 55;
	objects = {

/* Begin PBXBuildFile section */
		302E742A27BCA97A00FE4763 /* ChainedConstraints in Frameworks */ = {isa = PBXBuildFile; productRef = 302E742927BCA97A00FE4763 /* ChainedConstraints */; };
		302E742D27BCAC3200FE4763 /* ViewConfiguration.swift in Sources */ = {isa = PBXBuildFile; fileRef = 302E742C27BCAC3200FE4763 /* ViewConfiguration.swift */; };
		302E744527BCBB9800FE4763 /* ShowDetailsCoordinator.swift in Sources */ = {isa = PBXBuildFile; fileRef = 302E743F27BCBB9800FE4763 /* ShowDetailsCoordinator.swift */; };
		302E744627BCBB9800FE4763 /* ShowDetailsFactory.swift in Sources */ = {isa = PBXBuildFile; fileRef = 302E744027BCBB9800FE4763 /* ShowDetailsFactory.swift */; };
		302E744827BCBB9800FE4763 /* ShowDetailsViewController.swift in Sources */ = {isa = PBXBuildFile; fileRef = 302E744227BCBB9800FE4763 /* ShowDetailsViewController.swift */; };
		302E744A27BCBB9800FE4763 /* ShowEpisodesService.swift in Sources */ = {isa = PBXBuildFile; fileRef = 302E744427BCBB9800FE4763 /* ShowEpisodesService.swift */; };
		304F644D27DF50F800FFA58E /* ShowsViewModel.swift in Sources */ = {isa = PBXBuildFile; fileRef = 304F644C27DF50F800FFA58E /* ShowsViewModel.swift */; };
		304F644F27DFAA4200FFA58E /* ShowDetailsViewModel.swift in Sources */ = {isa = PBXBuildFile; fileRef = 304F644E27DFAA4200FFA58E /* ShowDetailsViewModel.swift */; };
		3050EF6D27E0B24300FD6DAE /* ShowDetailsTableViewHeader.swift in Sources */ = {isa = PBXBuildFile; fileRef = 3050EF6C27E0B24300FD6DAE /* ShowDetailsTableViewHeader.swift */; };
		3076C76227BA781500C19E44 /* AppDelegate.swift in Sources */ = {isa = PBXBuildFile; fileRef = 3076C76127BA781500C19E44 /* AppDelegate.swift */; };
		3076C76B27BA781600C19E44 /* Assets.xcassets in Resources */ = {isa = PBXBuildFile; fileRef = 3076C76A27BA781600C19E44 /* Assets.xcassets */; };
		3076C76E27BA781600C19E44 /* LaunchScreen.storyboard in Resources */ = {isa = PBXBuildFile; fileRef = 3076C76C27BA781600C19E44 /* LaunchScreen.storyboard */; };
		30A9D58B27BD9C03008EFA79 /* Show.swift in Sources */ = {isa = PBXBuildFile; fileRef = 30A9D58A27BD9C03008EFA79 /* Show.swift */; };
		30A9D58D27BD9DFF008EFA79 /* CommonModels.swift in Sources */ = {isa = PBXBuildFile; fileRef = 30A9D58C27BD9DFF008EFA79 /* CommonModels.swift */; };
		30A9D59527BDCFEC008EFA79 /* ShowsCoordinator.swift in Sources */ = {isa = PBXBuildFile; fileRef = 30A9D58F27BDCFEC008EFA79 /* ShowsCoordinator.swift */; };
		30A9D59627BDCFEC008EFA79 /* ShowsFactory.swift in Sources */ = {isa = PBXBuildFile; fileRef = 30A9D59027BDCFEC008EFA79 /* ShowsFactory.swift */; };
		30A9D59827BDCFEC008EFA79 /* ShowsViewController.swift in Sources */ = {isa = PBXBuildFile; fileRef = 30A9D59227BDCFEC008EFA79 /* ShowsViewController.swift */; };
		30A9D59A27BDCFEC008EFA79 /* ShowsService.swift in Sources */ = {isa = PBXBuildFile; fileRef = 30A9D59427BDCFEC008EFA79 /* ShowsService.swift */; };
		30A9D59D27BDD588008EFA79 /* ShowTableViewCell.swift in Sources */ = {isa = PBXBuildFile; fileRef = 30A9D59C27BDD588008EFA79 /* ShowTableViewCell.swift */; };
		30A9D5A227BDE04B008EFA79 /* ShowDataSource.swift in Sources */ = {isa = PBXBuildFile; fileRef = 30A9D5A127BDE04B008EFA79 /* ShowDataSource.swift */; };
		30A9D5A627BDE571008EFA79 /* ShowDetails.swift in Sources */ = {isa = PBXBuildFile; fileRef = 30A9D5A527BDE571008EFA79 /* ShowDetails.swift */; };
		30A9D5A827BDF241008EFA79 /* ShowsCoordinatorTests.swift in Sources */ = {isa = PBXBuildFile; fileRef = 30A9D5A727BDF241008EFA79 /* ShowsCoordinatorTests.swift */; };
		30A9D5AA27BDF267008EFA79 /* NavigationViewControllerSpy.swift in Sources */ = {isa = PBXBuildFile; fileRef = 30A9D5A927BDF267008EFA79 /* NavigationViewControllerSpy.swift */; };
		30A9D5AC27BDF42D008EFA79 /* Show+Fixture.swift in Sources */ = {isa = PBXBuildFile; fileRef = 30A9D5AB27BDF42D008EFA79 /* Show+Fixture.swift */; };
		30C6B1A727BB3EDF00ECE329 /* UIImageView.swift in Sources */ = {isa = PBXBuildFile; fileRef = 30C6B1A627BB3EDF00ECE329 /* UIImageView.swift */; };
		30C6B1AA27BB407500ECE329 /* TVMazeEndpoints.swift in Sources */ = {isa = PBXBuildFile; fileRef = 30C6B1A927BB407500ECE329 /* TVMazeEndpoints.swift */; };
		30C6B1AF27BB446100ECE329 /* Episode.swift in Sources */ = {isa = PBXBuildFile; fileRef = 30C6B1AE27BB446100ECE329 /* Episode.swift */; };
		30C6B1B127BBC23100ECE329 /* ApiError.swift in Sources */ = {isa = PBXBuildFile; fileRef = 30C6B1B027BBC23100ECE329 /* ApiError.swift */; };
		30C6B1B427BBC5D800ECE329 /* Api.swift in Sources */ = {isa = PBXBuildFile; fileRef = 30C6B1B327BBC5D800ECE329 /* Api.swift */; };
		30C6B1B627BBC67C00ECE329 /* ApiEndpointProtocol.swift in Sources */ = {isa = PBXBuildFile; fileRef = 30C6B1B527BBC67C00ECE329 /* ApiEndpointProtocol.swift */; };
		30C6ED7D27BCC59A00EC55D2 /* ShowDetailsDataSource.swift in Sources */ = {isa = PBXBuildFile; fileRef = 30C6ED7C27BCC59A00EC55D2 /* ShowDetailsDataSource.swift */; };
		30C6ED7F27BCC9A500EC55D2 /* Array.swift in Sources */ = {isa = PBXBuildFile; fileRef = 30C6ED7E27BCC9A500EC55D2 /* Array.swift */; };
		30C6ED8127BCCA3300EC55D2 /* UITableView.swift in Sources */ = {isa = PBXBuildFile; fileRef = 30C6ED8027BCCA3300EC55D2 /* UITableView.swift */; };
/* End PBXBuildFile section */

/* Begin PBXContainerItemProxy section */
		3076C77527BA781600C19E44 /* PBXContainerItemProxy */ = {
			isa = PBXContainerItemProxy;
			containerPortal = 3076C75627BA781500C19E44 /* Project object */;
			proxyType = 1;
			remoteGlobalIDString = 3076C75D27BA781500C19E44;
			remoteInfo = TVApp;
		};
/* End PBXContainerItemProxy section */

/* Begin PBXFileReference section */
		302E742C27BCAC3200FE4763 /* ViewConfiguration.swift */ = {isa = PBXFileReference; lastKnownFileType = sourcecode.swift; path = ViewConfiguration.swift; sourceTree = "<group>"; };
		302E743F27BCBB9800FE4763 /* ShowDetailsCoordinator.swift */ = {isa = PBXFileReference; lastKnownFileType = sourcecode.swift; path = ShowDetailsCoordinator.swift; sourceTree = "<group>"; };
		302E744027BCBB9800FE4763 /* ShowDetailsFactory.swift */ = {isa = PBXFileReference; lastKnownFileType = sourcecode.swift; path = ShowDetailsFactory.swift; sourceTree = "<group>"; };
		302E744227BCBB9800FE4763 /* ShowDetailsViewController.swift */ = {isa = PBXFileReference; lastKnownFileType = sourcecode.swift; path = ShowDetailsViewController.swift; sourceTree = "<group>"; };
		302E744427BCBB9800FE4763 /* ShowEpisodesService.swift */ = {isa = PBXFileReference; lastKnownFileType = sourcecode.swift; path = ShowEpisodesService.swift; sourceTree = "<group>"; };
		304F644C27DF50F800FFA58E /* ShowsViewModel.swift */ = {isa = PBXFileReference; lastKnownFileType = sourcecode.swift; path = ShowsViewModel.swift; sourceTree = "<group>"; };
		304F644E27DFAA4200FFA58E /* ShowDetailsViewModel.swift */ = {isa = PBXFileReference; lastKnownFileType = sourcecode.swift; path = ShowDetailsViewModel.swift; sourceTree = "<group>"; };
		3050EF6C27E0B24300FD6DAE /* ShowDetailsTableViewHeader.swift */ = {isa = PBXFileReference; fileEncoding = 4; lastKnownFileType = sourcecode.swift; path = ShowDetailsTableViewHeader.swift; sourceTree = "<group>"; };
		3076C75E27BA781500C19E44 /* TVApp.app */ = {isa = PBXFileReference; explicitFileType = wrapper.application; includeInIndex = 0; path = TVApp.app; sourceTree = BUILT_PRODUCTS_DIR; };
		3076C76127BA781500C19E44 /* AppDelegate.swift */ = {isa = PBXFileReference; lastKnownFileType = sourcecode.swift; path = AppDelegate.swift; sourceTree = "<group>"; };
		3076C76A27BA781600C19E44 /* Assets.xcassets */ = {isa = PBXFileReference; lastKnownFileType = folder.assetcatalog; path = Assets.xcassets; sourceTree = "<group>"; };
		3076C76D27BA781600C19E44 /* Base */ = {isa = PBXFileReference; lastKnownFileType = file.storyboard; name = Base; path = Base.lproj/LaunchScreen.storyboard; sourceTree = "<group>"; };
		3076C76F27BA781600C19E44 /* Info.plist */ = {isa = PBXFileReference; lastKnownFileType = text.plist.xml; path = Info.plist; sourceTree = "<group>"; };
		3076C77427BA781600C19E44 /* TVAppTests.xctest */ = {isa = PBXFileReference; explicitFileType = wrapper.cfbundle; includeInIndex = 0; path = TVAppTests.xctest; sourceTree = BUILT_PRODUCTS_DIR; };
		30A9D58A27BD9C03008EFA79 /* Show.swift */ = {isa = PBXFileReference; lastKnownFileType = sourcecode.swift; path = Show.swift; sourceTree = "<group>"; };
		30A9D58C27BD9DFF008EFA79 /* CommonModels.swift */ = {isa = PBXFileReference; lastKnownFileType = sourcecode.swift; path = CommonModels.swift; sourceTree = "<group>"; };
		30A9D58F27BDCFEC008EFA79 /* ShowsCoordinator.swift */ = {isa = PBXFileReference; lastKnownFileType = sourcecode.swift; path = ShowsCoordinator.swift; sourceTree = "<group>"; };
		30A9D59027BDCFEC008EFA79 /* ShowsFactory.swift */ = {isa = PBXFileReference; lastKnownFileType = sourcecode.swift; path = ShowsFactory.swift; sourceTree = "<group>"; };
		30A9D59227BDCFEC008EFA79 /* ShowsViewController.swift */ = {isa = PBXFileReference; lastKnownFileType = sourcecode.swift; path = ShowsViewController.swift; sourceTree = "<group>"; };
		30A9D59427BDCFEC008EFA79 /* ShowsService.swift */ = {isa = PBXFileReference; lastKnownFileType = sourcecode.swift; path = ShowsService.swift; sourceTree = "<group>"; };
		30A9D59C27BDD588008EFA79 /* ShowTableViewCell.swift */ = {isa = PBXFileReference; lastKnownFileType = sourcecode.swift; path = ShowTableViewCell.swift; sourceTree = "<group>"; };
		30A9D5A127BDE04B008EFA79 /* ShowDataSource.swift */ = {isa = PBXFileReference; lastKnownFileType = sourcecode.swift; path = ShowDataSource.swift; sourceTree = "<group>"; };
		30A9D5A527BDE571008EFA79 /* ShowDetails.swift */ = {isa = PBXFileReference; lastKnownFileType = sourcecode.swift; path = ShowDetails.swift; sourceTree = "<group>"; };
		30A9D5A727BDF241008EFA79 /* ShowsCoordinatorTests.swift */ = {isa = PBXFileReference; lastKnownFileType = sourcecode.swift; path = ShowsCoordinatorTests.swift; sourceTree = "<group>"; };
		30A9D5A927BDF267008EFA79 /* NavigationViewControllerSpy.swift */ = {isa = PBXFileReference; lastKnownFileType = sourcecode.swift; path = NavigationViewControllerSpy.swift; sourceTree = "<group>"; };
		30A9D5AB27BDF42D008EFA79 /* Show+Fixture.swift */ = {isa = PBXFileReference; lastKnownFileType = sourcecode.swift; path = "Show+Fixture.swift"; sourceTree = "<group>"; };
		30C6B1A627BB3EDF00ECE329 /* UIImageView.swift */ = {isa = PBXFileReference; lastKnownFileType = sourcecode.swift; path = UIImageView.swift; sourceTree = "<group>"; };
		30C6B1A927BB407500ECE329 /* TVMazeEndpoints.swift */ = {isa = PBXFileReference; lastKnownFileType = sourcecode.swift; path = TVMazeEndpoints.swift; sourceTree = "<group>"; };
		30C6B1AE27BB446100ECE329 /* Episode.swift */ = {isa = PBXFileReference; lastKnownFileType = sourcecode.swift; path = Episode.swift; sourceTree = "<group>"; };
		30C6B1B027BBC23100ECE329 /* ApiError.swift */ = {isa = PBXFileReference; lastKnownFileType = sourcecode.swift; path = ApiError.swift; sourceTree = "<group>"; };
		30C6B1B327BBC5D800ECE329 /* Api.swift */ = {isa = PBXFileReference; lastKnownFileType = sourcecode.swift; path = Api.swift; sourceTree = "<group>"; };
		30C6B1B527BBC67C00ECE329 /* ApiEndpointProtocol.swift */ = {isa = PBXFileReference; lastKnownFileType = sourcecode.swift; path = ApiEndpointProtocol.swift; sourceTree = "<group>"; };
		30C6ED7C27BCC59A00EC55D2 /* ShowDetailsDataSource.swift */ = {isa = PBXFileReference; lastKnownFileType = sourcecode.swift; path = ShowDetailsDataSource.swift; sourceTree = "<group>"; };
		30C6ED7E27BCC9A500EC55D2 /* Array.swift */ = {isa = PBXFileReference; lastKnownFileType = sourcecode.swift; path = Array.swift; sourceTree = "<group>"; };
		30C6ED8027BCCA3300EC55D2 /* UITableView.swift */ = {isa = PBXFileReference; fileEncoding = 4; lastKnownFileType = sourcecode.swift; path = UITableView.swift; sourceTree = "<group>"; };
/* End PBXFileReference section */

/* Begin PBXFrameworksBuildPhase section */
		3076C75B27BA781500C19E44 /* Frameworks */ = {
			isa = PBXFrameworksBuildPhase;
			buildActionMask = 2147483647;
			files = (
				302E742A27BCA97A00FE4763 /* ChainedConstraints in Frameworks */,
			);
			runOnlyForDeploymentPostprocessing = 0;
		};
		3076C77127BA781600C19E44 /* Frameworks */ = {
			isa = PBXFrameworksBuildPhase;
			buildActionMask = 2147483647;
			files = (
			);
			runOnlyForDeploymentPostprocessing = 0;
		};
/* End PBXFrameworksBuildPhase section */

/* Begin PBXGroup section */
		302E742B27BCABB700FE4763 /* Protocols */ = {
			isa = PBXGroup;
			children = (
				302E742C27BCAC3200FE4763 /* ViewConfiguration.swift */,
			);
			path = Protocols;
			sourceTree = "<group>";
		};
		302E743E27BCBB6B00FE4763 /* ShowDetails */ = {
			isa = PBXGroup;
			children = (
				30C6ED7B27BCC56900EC55D2 /* DataSource */,
				3050EF6B27E0B23700FD6DAE /* Header */,
				302E744227BCBB9800FE4763 /* ShowDetailsViewController.swift */,
				304F644E27DFAA4200FFA58E /* ShowDetailsViewModel.swift */,
				302E743F27BCBB9800FE4763 /* ShowDetailsCoordinator.swift */,
				302E744027BCBB9800FE4763 /* ShowDetailsFactory.swift */,
				302E744427BCBB9800FE4763 /* ShowEpisodesService.swift */,
			);
			path = ShowDetails;
			sourceTree = "<group>";
		};
		3050EF6B27E0B23700FD6DAE /* Header */ = {
			isa = PBXGroup;
			children = (
				3050EF6C27E0B24300FD6DAE /* ShowDetailsTableViewHeader.swift */,
			);
			path = Header;
			sourceTree = "<group>";
		};
		3076C75527BA781500C19E44 = {
			isa = PBXGroup;
			children = (
				3076C76027BA781500C19E44 /* TVApp */,
				3076C77727BA781600C19E44 /* TVAppTests */,
				3076C75F27BA781500C19E44 /* Products */,
			);
			sourceTree = "<group>";
		};
		3076C75F27BA781500C19E44 /* Products */ = {
			isa = PBXGroup;
			children = (
				3076C75E27BA781500C19E44 /* TVApp.app */,
				3076C77427BA781600C19E44 /* TVAppTests.xctest */,
			);
			name = Products;
			sourceTree = "<group>";
		};
		3076C76027BA781500C19E44 /* TVApp */ = {
			isa = PBXGroup;
			children = (
				308AE08427BB2A6C00366DF4 /* Application */,
				308AE08227BB284500366DF4 /* Resources */,
				30C6B1A827BB405200ECE329 /* API */,
				30C6B1A427BB3E7400ECE329 /* Helpers */,
				308AE08327BB285000366DF4 /* Scenes */,
			);
			path = TVApp;
			sourceTree = "<group>";
		};
		3076C77727BA781600C19E44 /* TVAppTests */ = {
			isa = PBXGroup;
			children = (
				30A9D5AF27BDF7A0008EFA79 /* Fixtures */,
				30A9D5AE27BDF793008EFA79 /* Spies */,
				30A9D5AD27BDF788008EFA79 /* Scenes */,
			);
			path = TVAppTests;
			sourceTree = "<group>";
		};
		308AE08227BB284500366DF4 /* Resources */ = {
			isa = PBXGroup;
			children = (
				3076C76A27BA781600C19E44 /* Assets.xcassets */,
			);
			path = Resources;
			sourceTree = "<group>";
		};
		308AE08327BB285000366DF4 /* Scenes */ = {
			isa = PBXGroup;
			children = (
				30A9D58E27BDCFA5008EFA79 /* Shows */,
				302E743E27BCBB6B00FE4763 /* ShowDetails */,
				30C6B1AD27BB445000ECE329 /* Models */,
			);
			path = Scenes;
			sourceTree = "<group>";
		};
		308AE08427BB2A6C00366DF4 /* Application */ = {
			isa = PBXGroup;
			children = (
				3076C76C27BA781600C19E44 /* LaunchScreen.storyboard */,
				3076C76F27BA781600C19E44 /* Info.plist */,
				3076C76127BA781500C19E44 /* AppDelegate.swift */,
			);
			name = Application;
			sourceTree = "<group>";
		};
		30A9D58E27BDCFA5008EFA79 /* Shows */ = {
			isa = PBXGroup;
			children = (
				30A9D5A027BDE02D008EFA79 /* DataSource */,
				30A9D59B27BDD56C008EFA79 /* ShowCell */,
				30A9D59227BDCFEC008EFA79 /* ShowsViewController.swift */,
				304F644C27DF50F800FFA58E /* ShowsViewModel.swift */,
				30A9D58F27BDCFEC008EFA79 /* ShowsCoordinator.swift */,
				30A9D59027BDCFEC008EFA79 /* ShowsFactory.swift */,
				30A9D59427BDCFEC008EFA79 /* ShowsService.swift */,
			);
			path = Shows;
			sourceTree = "<group>";
		};
		30A9D59B27BDD56C008EFA79 /* ShowCell */ = {
			isa = PBXGroup;
			children = (
				30A9D59C27BDD588008EFA79 /* ShowTableViewCell.swift */,
			);
			path = ShowCell;
			sourceTree = "<group>";
		};
		30A9D5A027BDE02D008EFA79 /* DataSource */ = {
			isa = PBXGroup;
			children = (
				30A9D5A127BDE04B008EFA79 /* ShowDataSource.swift */,
			);
			path = DataSource;
			sourceTree = "<group>";
		};
		30A9D5A327BDE555008EFA79 /* Responses */ = {
			isa = PBXGroup;
			children = (
				30C6B1AE27BB446100ECE329 /* Episode.swift */,
				30A9D58A27BD9C03008EFA79 /* Show.swift */,
				30A9D58C27BD9DFF008EFA79 /* CommonModels.swift */,
			);
			path = Responses;
			sourceTree = "<group>";
		};
		30A9D5A427BDE55D008EFA79 /* Structures */ = {
			isa = PBXGroup;
			children = (
				30A9D5A527BDE571008EFA79 /* ShowDetails.swift */,
			);
			path = Structures;
			sourceTree = "<group>";
		};
		30A9D5AD27BDF788008EFA79 /* Scenes */ = {
			isa = PBXGroup;
			children = (
				30A9D5A727BDF241008EFA79 /* ShowsCoordinatorTests.swift */,
			);
			path = Scenes;
			sourceTree = "<group>";
		};
		30A9D5AE27BDF793008EFA79 /* Spies */ = {
			isa = PBXGroup;
			children = (
				30A9D5A927BDF267008EFA79 /* NavigationViewControllerSpy.swift */,
			);
			path = Spies;
			sourceTree = "<group>";
		};
		30A9D5AF27BDF7A0008EFA79 /* Fixtures */ = {
			isa = PBXGroup;
			children = (
				30A9D5AB27BDF42D008EFA79 /* Show+Fixture.swift */,
			);
			path = Fixtures;
			sourceTree = "<group>";
		};
		30C6B1A427BB3E7400ECE329 /* Helpers */ = {
			isa = PBXGroup;
			children = (
				302E742B27BCABB700FE4763 /* Protocols */,
				30C6B1A527BB3E8200ECE329 /* Extensions */,
			);
			path = Helpers;
			sourceTree = "<group>";
		};
		30C6B1A527BB3E8200ECE329 /* Extensions */ = {
			isa = PBXGroup;
			children = (
				30C6ED8027BCCA3300EC55D2 /* UITableView.swift */,
				30C6B1A627BB3EDF00ECE329 /* UIImageView.swift */,
				30C6ED7E27BCC9A500EC55D2 /* Array.swift */,
			);
			path = Extensions;
			sourceTree = "<group>";
		};
		30C6B1A827BB405200ECE329 /* API */ = {
			isa = PBXGroup;
			children = (
				30C6B1B227BBC5C900ECE329 /* Endpoints */,
				30C6B1B027BBC23100ECE329 /* ApiError.swift */,
				30C6B1B327BBC5D800ECE329 /* Api.swift */,
			);
			path = API;
			sourceTree = "<group>";
		};
		30C6B1AD27BB445000ECE329 /* Models */ = {
			isa = PBXGroup;
			children = (
				30A9D5A427BDE55D008EFA79 /* Structures */,
				30A9D5A327BDE555008EFA79 /* Responses */,
			);
			path = Models;
			sourceTree = "<group>";
		};
		30C6B1B227BBC5C900ECE329 /* Endpoints */ = {
			isa = PBXGroup;
			children = (
				30C6B1B727BBC70000ECE329 /* Protocol */,
				30C6B1A927BB407500ECE329 /* TVMazeEndpoints.swift */,
			);
			path = Endpoints;
			sourceTree = "<group>";
		};
		30C6B1B727BBC70000ECE329 /* Protocol */ = {
			isa = PBXGroup;
			children = (
				30C6B1B527BBC67C00ECE329 /* ApiEndpointProtocol.swift */,
			);
			path = Protocol;
			sourceTree = "<group>";
		};
		30C6ED7B27BCC56900EC55D2 /* DataSource */ = {
			isa = PBXGroup;
			children = (
				30C6ED7C27BCC59A00EC55D2 /* ShowDetailsDataSource.swift */,
			);
			path = DataSource;
			sourceTree = "<group>";
		};
/* End PBXGroup section */

/* Begin PBXNativeTarget section */
		3076C75D27BA781500C19E44 /* TVApp */ = {
			isa = PBXNativeTarget;
			buildConfigurationList = 3076C78827BA781600C19E44 /* Build configuration list for PBXNativeTarget "TVApp" */;
			buildPhases = (
				3076C75A27BA781500C19E44 /* Sources */,
				3076C75B27BA781500C19E44 /* Frameworks */,
				3076C75C27BA781500C19E44 /* Resources */,
				303B8D0527BB1C980096DE8E /* SwiftLint */,
			);
			buildRules = (
			);
			dependencies = (
			);
			name = TVApp;
			packageProductDependencies = (
				302E742927BCA97A00FE4763 /* ChainedConstraints */,
			);
			productName = TVApp;
			productReference = 3076C75E27BA781500C19E44 /* TVApp.app */;
			productType = "com.apple.product-type.application";
		};
		3076C77327BA781600C19E44 /* TVAppTests */ = {
			isa = PBXNativeTarget;
			buildConfigurationList = 3076C78B27BA781600C19E44 /* Build configuration list for PBXNativeTarget "TVAppTests" */;
			buildPhases = (
				3076C77027BA781600C19E44 /* Sources */,
				3076C77127BA781600C19E44 /* Frameworks */,
				3076C77227BA781600C19E44 /* Resources */,
			);
			buildRules = (
			);
			dependencies = (
				3076C77627BA781600C19E44 /* PBXTargetDependency */,
			);
			name = TVAppTests;
			productName = TVAppTests;
			productReference = 3076C77427BA781600C19E44 /* TVAppTests.xctest */;
			productType = "com.apple.product-type.bundle.unit-test";
		};
/* End PBXNativeTarget section */

/* Begin PBXProject section */
		3076C75627BA781500C19E44 /* Project object */ = {
			isa = PBXProject;
			attributes = {
				BuildIndependentTargetsInParallel = 1;
				LastSwiftUpdateCheck = 1320;
				LastUpgradeCheck = 1320;
				TargetAttributes = {
					3076C75D27BA781500C19E44 = {
						CreatedOnToolsVersion = 13.2.1;
					};
					3076C77327BA781600C19E44 = {
						CreatedOnToolsVersion = 13.2.1;
						TestTargetID = 3076C75D27BA781500C19E44;
					};
				};
			};
			buildConfigurationList = 3076C75927BA781500C19E44 /* Build configuration list for PBXProject "TVApp" */;
			compatibilityVersion = "Xcode 13.0";
			developmentRegion = en;
			hasScannedForEncodings = 0;
			knownRegions = (
				en,
				Base,
			);
			mainGroup = 3076C75527BA781500C19E44;
			packageReferences = (
				302E742827BCA97A00FE4763 /* XCRemoteSwiftPackageReference "ChainedConstraints" */,
			);
			productRefGroup = 3076C75F27BA781500C19E44 /* Products */;
			projectDirPath = "";
			projectRoot = "";
			targets = (
				3076C75D27BA781500C19E44 /* TVApp */,
				3076C77327BA781600C19E44 /* TVAppTests */,
			);
		};
/* End PBXProject section */

/* Begin PBXResourcesBuildPhase section */
		3076C75C27BA781500C19E44 /* Resources */ = {
			isa = PBXResourcesBuildPhase;
			buildActionMask = 2147483647;
			files = (
				3076C76E27BA781600C19E44 /* LaunchScreen.storyboard in Resources */,
				3076C76B27BA781600C19E44 /* Assets.xcassets in Resources */,
			);
			runOnlyForDeploymentPostprocessing = 0;
		};
		3076C77227BA781600C19E44 /* Resources */ = {
			isa = PBXResourcesBuildPhase;
			buildActionMask = 2147483647;
			files = (
			);
			runOnlyForDeploymentPostprocessing = 0;
		};
/* End PBXResourcesBuildPhase section */

/* Begin PBXShellScriptBuildPhase section */
		303B8D0527BB1C980096DE8E /* SwiftLint */ = {
			isa = PBXShellScriptBuildPhase;
			buildActionMask = 2147483647;
			files = (
			);
			inputFileListPaths = (
			);
			inputPaths = (
			);
			name = SwiftLint;
			outputFileListPaths = (
			);
			outputPaths = (
			);
			runOnlyForDeploymentPostprocessing = 0;
			shellPath = /bin/sh;
			shellScript = "export PATH=\"$PATH:/opt/homebrew/bin\"\n\nif which swiftlint >/dev/null; then\n  swiftlint\nelse\n  echo \"warning: SwiftLint not installed, download from https://github.com/realm/SwiftLint\"\nfi\n";
		};
/* End PBXShellScriptBuildPhase section */

/* Begin PBXSourcesBuildPhase section */
		3076C75A27BA781500C19E44 /* Sources */ = {
			isa = PBXSourcesBuildPhase;
			buildActionMask = 2147483647;
			files = (
				30C6B1B127BBC23100ECE329 /* ApiError.swift in Sources */,
				30C6B1AF27BB446100ECE329 /* Episode.swift in Sources */,
				302E742D27BCAC3200FE4763 /* ViewConfiguration.swift in Sources */,
				302E744527BCBB9800FE4763 /* ShowDetailsCoordinator.swift in Sources */,
				30A9D59D27BDD588008EFA79 /* ShowTableViewCell.swift in Sources */,
				30C6ED8127BCCA3300EC55D2 /* UITableView.swift in Sources */,
				30A9D5A227BDE04B008EFA79 /* ShowDataSource.swift in Sources */,
				302E744627BCBB9800FE4763 /* ShowDetailsFactory.swift in Sources */,
				30C6B1A727BB3EDF00ECE329 /* UIImageView.swift in Sources */,
				30A9D59827BDCFEC008EFA79 /* ShowsViewController.swift in Sources */,
				3076C76227BA781500C19E44 /* AppDelegate.swift in Sources */,
				30A9D5A627BDE571008EFA79 /* ShowDetails.swift in Sources */,
				30C6ED7D27BCC59A00EC55D2 /* ShowDetailsDataSource.swift in Sources */,
				30A9D59A27BDCFEC008EFA79 /* ShowsService.swift in Sources */,
				30A9D58B27BD9C03008EFA79 /* Show.swift in Sources */,
				30C6ED7F27BCC9A500EC55D2 /* Array.swift in Sources */,
				302E744A27BCBB9800FE4763 /* ShowEpisodesService.swift in Sources */,
				30C6B1B427BBC5D800ECE329 /* Api.swift in Sources */,
				30A9D59527BDCFEC008EFA79 /* ShowsCoordinator.swift in Sources */,
				3050EF6D27E0B24300FD6DAE /* ShowDetailsTableViewHeader.swift in Sources */,
				30A9D59627BDCFEC008EFA79 /* ShowsFactory.swift in Sources */,
				30C6B1B627BBC67C00ECE329 /* ApiEndpointProtocol.swift in Sources */,
				30A9D58D27BD9DFF008EFA79 /* CommonModels.swift in Sources */,
				302E744827BCBB9800FE4763 /* ShowDetailsViewController.swift in Sources */,
				304F644F27DFAA4200FFA58E /* ShowDetailsViewModel.swift in Sources */,
				304F644D27DF50F800FFA58E /* ShowsViewModel.swift in Sources */,
				30C6B1AA27BB407500ECE329 /* TVMazeEndpoints.swift in Sources */,
			);
			runOnlyForDeploymentPostprocessing = 0;
		};
		3076C77027BA781600C19E44 /* Sources */ = {
			isa = PBXSourcesBuildPhase;
			buildActionMask = 2147483647;
			files = (
				30A9D5A827BDF241008EFA79 /* ShowsCoordinatorTests.swift in Sources */,
				30A9D5AA27BDF267008EFA79 /* NavigationViewControllerSpy.swift in Sources */,
				30A9D5AC27BDF42D008EFA79 /* Show+Fixture.swift in Sources */,
			);
			runOnlyForDeploymentPostprocessing = 0;
		};
/* End PBXSourcesBuildPhase section */

/* Begin PBXTargetDependency section */
		3076C77627BA781600C19E44 /* PBXTargetDependency */ = {
			isa = PBXTargetDependency;
			target = 3076C75D27BA781500C19E44 /* TVApp */;
			targetProxy = 3076C77527BA781600C19E44 /* PBXContainerItemProxy */;
		};
/* End PBXTargetDependency section */

/* Begin PBXVariantGroup section */
		3076C76C27BA781600C19E44 /* LaunchScreen.storyboard */ = {
			isa = PBXVariantGroup;
			children = (
				3076C76D27BA781600C19E44 /* Base */,
			);
			name = LaunchScreen.storyboard;
			sourceTree = "<group>";
		};
/* End PBXVariantGroup section */

/* Begin XCBuildConfiguration section */
		3076C78627BA781600C19E44 /* Debug */ = {
			isa = XCBuildConfiguration;
			buildSettings = {
				ALWAYS_SEARCH_USER_PATHS = NO;
				CLANG_ANALYZER_NONNULL = YES;
				CLANG_ANALYZER_NUMBER_OBJECT_CONVERSION = YES_AGGRESSIVE;
				CLANG_CXX_LANGUAGE_STANDARD = "gnu++17";
				CLANG_CXX_LIBRARY = "libc++";
				CLANG_ENABLE_MODULES = YES;
				CLANG_ENABLE_OBJC_ARC = YES;
				CLANG_ENABLE_OBJC_WEAK = YES;
				CLANG_WARN_BLOCK_CAPTURE_AUTORELEASING = YES;
				CLANG_WARN_BOOL_CONVERSION = YES;
				CLANG_WARN_COMMA = YES;
				CLANG_WARN_CONSTANT_CONVERSION = YES;
				CLANG_WARN_DEPRECATED_OBJC_IMPLEMENTATIONS = YES;
				CLANG_WARN_DIRECT_OBJC_ISA_USAGE = YES_ERROR;
				CLANG_WARN_DOCUMENTATION_COMMENTS = YES;
				CLANG_WARN_EMPTY_BODY = YES;
				CLANG_WARN_ENUM_CONVERSION = YES;
				CLANG_WARN_INFINITE_RECURSION = YES;
				CLANG_WARN_INT_CONVERSION = YES;
				CLANG_WARN_NON_LITERAL_NULL_CONVERSION = YES;
				CLANG_WARN_OBJC_IMPLICIT_RETAIN_SELF = YES;
				CLANG_WARN_OBJC_LITERAL_CONVERSION = YES;
				CLANG_WARN_OBJC_ROOT_CLASS = YES_ERROR;
				CLANG_WARN_QUOTED_INCLUDE_IN_FRAMEWORK_HEADER = YES;
				CLANG_WARN_RANGE_LOOP_ANALYSIS = YES;
				CLANG_WARN_STRICT_PROTOTYPES = YES;
				CLANG_WARN_SUSPICIOUS_MOVE = YES;
				CLANG_WARN_UNGUARDED_AVAILABILITY = YES_AGGRESSIVE;
				CLANG_WARN_UNREACHABLE_CODE = YES;
				CLANG_WARN__DUPLICATE_METHOD_MATCH = YES;
				COPY_PHASE_STRIP = NO;
				DEBUG_INFORMATION_FORMAT = dwarf;
				ENABLE_STRICT_OBJC_MSGSEND = YES;
				ENABLE_TESTABILITY = YES;
				GCC_C_LANGUAGE_STANDARD = gnu11;
				GCC_DYNAMIC_NO_PIC = NO;
				GCC_NO_COMMON_BLOCKS = YES;
				GCC_OPTIMIZATION_LEVEL = 0;
				GCC_PREPROCESSOR_DEFINITIONS = (
					"DEBUG=1",
					"$(inherited)",
				);
				GCC_WARN_64_TO_32_BIT_CONVERSION = YES;
				GCC_WARN_ABOUT_RETURN_TYPE = YES_ERROR;
				GCC_WARN_UNDECLARED_SELECTOR = YES;
				GCC_WARN_UNINITIALIZED_AUTOS = YES_AGGRESSIVE;
				GCC_WARN_UNUSED_FUNCTION = YES;
				GCC_WARN_UNUSED_VARIABLE = YES;
				IPHONEOS_DEPLOYMENT_TARGET = 15.2;
				MTL_ENABLE_DEBUG_INFO = INCLUDE_SOURCE;
				MTL_FAST_MATH = YES;
				ONLY_ACTIVE_ARCH = YES;
				SDKROOT = iphoneos;
				SWIFT_ACTIVE_COMPILATION_CONDITIONS = DEBUG;
				SWIFT_OPTIMIZATION_LEVEL = "-Onone";
				SWIFT_VERSION = 5.0;
			};
			name = Debug;
		};
		3076C78727BA781600C19E44 /* Release */ = {
			isa = XCBuildConfiguration;
			buildSettings = {
				ALWAYS_SEARCH_USER_PATHS = NO;
				CLANG_ANALYZER_NONNULL = YES;
				CLANG_ANALYZER_NUMBER_OBJECT_CONVERSION = YES_AGGRESSIVE;
				CLANG_CXX_LANGUAGE_STANDARD = "gnu++17";
				CLANG_CXX_LIBRARY = "libc++";
				CLANG_ENABLE_MODULES = YES;
				CLANG_ENABLE_OBJC_ARC = YES;
				CLANG_ENABLE_OBJC_WEAK = YES;
				CLANG_WARN_BLOCK_CAPTURE_AUTORELEASING = YES;
				CLANG_WARN_BOOL_CONVERSION = YES;
				CLANG_WARN_COMMA = YES;
				CLANG_WARN_CONSTANT_CONVERSION = YES;
				CLANG_WARN_DEPRECATED_OBJC_IMPLEMENTATIONS = YES;
				CLANG_WARN_DIRECT_OBJC_ISA_USAGE = YES_ERROR;
				CLANG_WARN_DOCUMENTATION_COMMENTS = YES;
				CLANG_WARN_EMPTY_BODY = YES;
				CLANG_WARN_ENUM_CONVERSION = YES;
				CLANG_WARN_INFINITE_RECURSION = YES;
				CLANG_WARN_INT_CONVERSION = YES;
				CLANG_WARN_NON_LITERAL_NULL_CONVERSION = YES;
				CLANG_WARN_OBJC_IMPLICIT_RETAIN_SELF = YES;
				CLANG_WARN_OBJC_LITERAL_CONVERSION = YES;
				CLANG_WARN_OBJC_ROOT_CLASS = YES_ERROR;
				CLANG_WARN_QUOTED_INCLUDE_IN_FRAMEWORK_HEADER = YES;
				CLANG_WARN_RANGE_LOOP_ANALYSIS = YES;
				CLANG_WARN_STRICT_PROTOTYPES = YES;
				CLANG_WARN_SUSPICIOUS_MOVE = YES;
				CLANG_WARN_UNGUARDED_AVAILABILITY = YES_AGGRESSIVE;
				CLANG_WARN_UNREACHABLE_CODE = YES;
				CLANG_WARN__DUPLICATE_METHOD_MATCH = YES;
				COPY_PHASE_STRIP = NO;
				DEBUG_INFORMATION_FORMAT = "dwarf-with-dsym";
				ENABLE_NS_ASSERTIONS = NO;
				ENABLE_STRICT_OBJC_MSGSEND = YES;
				GCC_C_LANGUAGE_STANDARD = gnu11;
				GCC_NO_COMMON_BLOCKS = YES;
				GCC_WARN_64_TO_32_BIT_CONVERSION = YES;
				GCC_WARN_ABOUT_RETURN_TYPE = YES_ERROR;
				GCC_WARN_UNDECLARED_SELECTOR = YES;
				GCC_WARN_UNINITIALIZED_AUTOS = YES_AGGRESSIVE;
				GCC_WARN_UNUSED_FUNCTION = YES;
				GCC_WARN_UNUSED_VARIABLE = YES;
				IPHONEOS_DEPLOYMENT_TARGET = 15.2;
				MTL_ENABLE_DEBUG_INFO = NO;
				MTL_FAST_MATH = YES;
				SDKROOT = iphoneos;
				SWIFT_COMPILATION_MODE = wholemodule;
				SWIFT_OPTIMIZATION_LEVEL = "-O";
				SWIFT_VERSION = 5.0;
				VALIDATE_PRODUCT = YES;
			};
			name = Release;
		};
		3076C78927BA781600C19E44 /* Debug */ = {
			isa = XCBuildConfiguration;
			buildSettings = {
				ASSETCATALOG_COMPILER_APPICON_NAME = AppIcon;
				ASSETCATALOG_COMPILER_GLOBAL_ACCENT_COLOR_NAME = AccentColor;
				CODE_SIGN_STYLE = Automatic;
				CURRENT_PROJECT_VERSION = 1;
				DEVELOPMENT_TEAM = "";
				GENERATE_INFOPLIST_FILE = YES;
				INFOPLIST_FILE = TVApp/Info.plist;
				INFOPLIST_KEY_UIApplicationSupportsIndirectInputEvents = YES;
				INFOPLIST_KEY_UILaunchStoryboardName = LaunchScreen;
				INFOPLIST_KEY_UISupportedInterfaceOrientations_iPad = "UIInterfaceOrientationPortrait UIInterfaceOrientationPortraitUpsideDown UIInterfaceOrientationLandscapeLeft UIInterfaceOrientationLandscapeRight";
				INFOPLIST_KEY_UISupportedInterfaceOrientations_iPhone = "UIInterfaceOrientationPortrait UIInterfaceOrientationLandscapeLeft UIInterfaceOrientationLandscapeRight";
				IPHONEOS_DEPLOYMENT_TARGET = 13.0;
				LD_RUNPATH_SEARCH_PATHS = (
					"$(inherited)",
					"@executable_path/Frameworks",
				);
				MARKETING_VERSION = 1.0;
				PRODUCT_BUNDLE_IDENTIFIER = challenge.TVApp;
				PRODUCT_NAME = "$(TARGET_NAME)";
				SWIFT_EMIT_LOC_STRINGS = YES;
				SWIFT_VERSION = 5.0;
				TARGETED_DEVICE_FAMILY = "1,2";
			};
			name = Debug;
		};
		3076C78A27BA781600C19E44 /* Release */ = {
			isa = XCBuildConfiguration;
			buildSettings = {
				ASSETCATALOG_COMPILER_APPICON_NAME = AppIcon;
				ASSETCATALOG_COMPILER_GLOBAL_ACCENT_COLOR_NAME = AccentColor;
				CODE_SIGN_STYLE = Automatic;
				CURRENT_PROJECT_VERSION = 1;
				DEVELOPMENT_TEAM = "";
				GENERATE_INFOPLIST_FILE = YES;
				INFOPLIST_FILE = TVApp/Info.plist;
				INFOPLIST_KEY_UIApplicationSupportsIndirectInputEvents = YES;
				INFOPLIST_KEY_UILaunchStoryboardName = LaunchScreen;
				INFOPLIST_KEY_UISupportedInterfaceOrientations_iPad = "UIInterfaceOrientationPortrait UIInterfaceOrientationPortraitUpsideDown UIInterfaceOrientationLandscapeLeft UIInterfaceOrientationLandscapeRight";
				INFOPLIST_KEY_UISupportedInterfaceOrientations_iPhone = "UIInterfaceOrientationPortrait UIInterfaceOrientationLandscapeLeft UIInterfaceOrientationLandscapeRight";
				IPHONEOS_DEPLOYMENT_TARGET = 13.0;
				LD_RUNPATH_SEARCH_PATHS = (
					"$(inherited)",
					"@executable_path/Frameworks",
				);
				MARKETING_VERSION = 1.0;
				PRODUCT_BUNDLE_IDENTIFIER = challenge.TVApp;
				PRODUCT_NAME = "$(TARGET_NAME)";
				SWIFT_EMIT_LOC_STRINGS = YES;
				SWIFT_VERSION = 5.0;
				TARGETED_DEVICE_FAMILY = "1,2";
			};
			name = Release;
		};
		3076C78C27BA781600C19E44 /* Debug */ = {
			isa = XCBuildConfiguration;
			buildSettings = {
				ALWAYS_EMBED_SWIFT_STANDARD_LIBRARIES = YES;
				BUNDLE_LOADER = "$(TEST_HOST)";
				CODE_SIGN_STYLE = Automatic;
				CURRENT_PROJECT_VERSION = 1;
				GENERATE_INFOPLIST_FILE = YES;
				IPHONEOS_DEPLOYMENT_TARGET = 15.2;
				MARKETING_VERSION = 1.0;
				PRODUCT_BUNDLE_IDENTIFIER = challenge.TVAppTests;
				PRODUCT_NAME = "$(TARGET_NAME)";
				SWIFT_EMIT_LOC_STRINGS = NO;
				SWIFT_VERSION = 5.0;
				TARGETED_DEVICE_FAMILY = "1,2";
				TEST_HOST = "$(BUILT_PRODUCTS_DIR)/TVApp.app/TVApp";
			};
			name = Debug;
		};
		3076C78D27BA781600C19E44 /* Release */ = {
			isa = XCBuildConfiguration;
			buildSettings = {
				ALWAYS_EMBED_SWIFT_STANDARD_LIBRARIES = YES;
				BUNDLE_LOADER = "$(TEST_HOST)";
				CODE_SIGN_STYLE = Automatic;
				CURRENT_PROJECT_VERSION = 1;
				GENERATE_INFOPLIST_FILE = YES;
				IPHONEOS_DEPLOYMENT_TARGET = 15.2;
				MARKETING_VERSION = 1.0;
				PRODUCT_BUNDLE_IDENTIFIER = challenge.TVAppTests;
				PRODUCT_NAME = "$(TARGET_NAME)";
				SWIFT_EMIT_LOC_STRINGS = NO;
				SWIFT_VERSION = 5.0;
				TARGETED_DEVICE_FAMILY = "1,2";
				TEST_HOST = "$(BUILT_PRODUCTS_DIR)/TVApp.app/TVApp";
			};
			name = Release;
		};
/* End XCBuildConfiguration section */

/* Begin XCConfigurationList section */
		3076C75927BA781500C19E44 /* Build configuration list for PBXProject "TVApp" */ = {
			isa = XCConfigurationList;
			buildConfigurations = (
				3076C78627BA781600C19E44 /* Debug */,
				3076C78727BA781600C19E44 /* Release */,
			);
			defaultConfigurationIsVisible = 0;
			defaultConfigurationName = Release;
		};
		3076C78827BA781600C19E44 /* Build configuration list for PBXNativeTarget "TVApp" */ = {
			isa = XCConfigurationList;
			buildConfigurations = (
				3076C78927BA781600C19E44 /* Debug */,
				3076C78A27BA781600C19E44 /* Release */,
			);
			defaultConfigurationIsVisible = 0;
			defaultConfigurationName = Release;
		};
		3076C78B27BA781600C19E44 /* Build configuration list for PBXNativeTarget "TVAppTests" */ = {
			isa = XCConfigurationList;
			buildConfigurations = (
				3076C78C27BA781600C19E44 /* Debug */,
				3076C78D27BA781600C19E44 /* Release */,
			);
			defaultConfigurationIsVisible = 0;
			defaultConfigurationName = Release;
		};
/* End XCConfigurationList section */

/* Begin XCRemoteSwiftPackageReference section */
		302E742827BCA97A00FE4763 /* XCRemoteSwiftPackageReference "ChainedConstraints" */ = {
			isa = XCRemoteSwiftPackageReference;
			repositoryURL = "https://github.com/adrianopaladini/ChainedConstraints";
			requirement = {
				branch = main;
				kind = branch;
			};
		};
/* End XCRemoteSwiftPackageReference section */

/* Begin XCSwiftPackageProductDependency section */
		302E742927BCA97A00FE4763 /* ChainedConstraints */ = {
			isa = XCSwiftPackageProductDependency;
			package = 302E742827BCA97A00FE4763 /* XCRemoteSwiftPackageReference "ChainedConstraints" */;
			productName = ChainedConstraints;
		};
/* End XCSwiftPackageProductDependency section */
	};
	rootObject = 3076C75627BA781500C19E44 /* Project object */;
}
